// !$*UTF8*$!
{
	archiveVersion = 1;
	classes = {
	};
	objectVersion = 50;
	objects = {

/* Begin PBXBuildFile section */
		E72D9D5D3113C27B69FC3F7E /* Pods_breakpoint.framework in Frameworks */ = {isa = PBXBuildFile; fileRef = 8E0E20C676CA781798628A54 /* Pods_breakpoint.framework */; };
		F6C7F70E222CECCA00B2A735 /* AppDelegate.swift in Sources */ = {isa = PBXBuildFile; fileRef = F6C7F70D222CECCA00B2A735 /* AppDelegate.swift */; };
		F6C7F710222CECCA00B2A735 /* FeedVC.swift in Sources */ = {isa = PBXBuildFile; fileRef = F6C7F70F222CECCA00B2A735 /* FeedVC.swift */; };
		F6C7F712222CECCA00B2A735 /* GroupsVC.swift in Sources */ = {isa = PBXBuildFile; fileRef = F6C7F711222CECCA00B2A735 /* GroupsVC.swift */; };
		F6C7F715222CECCA00B2A735 /* Main.storyboard in Resources */ = {isa = PBXBuildFile; fileRef = F6C7F713222CECCA00B2A735 /* Main.storyboard */; };
		F6C7F717222CECCB00B2A735 /* Assets.xcassets in Resources */ = {isa = PBXBuildFile; fileRef = F6C7F716222CECCB00B2A735 /* Assets.xcassets */; };
		F6C7F71A222CECCB00B2A735 /* LaunchScreen.storyboard in Resources */ = {isa = PBXBuildFile; fileRef = F6C7F718222CECCB00B2A735 /* LaunchScreen.storyboard */; };
		F6C7F729222CF60A00B2A735 /* DataService.swift in Sources */ = {isa = PBXBuildFile; fileRef = F6C7F728222CF60A00B2A735 /* DataService.swift */; };
		F6C7F72B222D850700B2A735 /* AuthVC.swift in Sources */ = {isa = PBXBuildFile; fileRef = F6C7F72A222D850700B2A735 /* AuthVC.swift */; };
		F6C7F72D222D854200B2A735 /* LoginVC.swift in Sources */ = {isa = PBXBuildFile; fileRef = F6C7F72C222D854200B2A735 /* LoginVC.swift */; };
		F6C7F72F222D859000B2A735 /* InsetTextField.swift in Sources */ = {isa = PBXBuildFile; fileRef = F6C7F72E222D859000B2A735 /* InsetTextField.swift */; };
		F6C7F731222D896F00B2A735 /* ShadowView.swift in Sources */ = {isa = PBXBuildFile; fileRef = F6C7F730222D896F00B2A735 /* ShadowView.swift */; };
		F6C7F733222D8AC500B2A735 /* AuthService.swift in Sources */ = {isa = PBXBuildFile; fileRef = F6C7F732222D8AC500B2A735 /* AuthService.swift */; };
		F6C7F735222EF04900B2A735 /* MeVC.swift in Sources */ = {isa = PBXBuildFile; fileRef = F6C7F734222EF04900B2A735 /* MeVC.swift */; };
		F6C7F737222F628900B2A735 /* CreatePostVC.swift in Sources */ = {isa = PBXBuildFile; fileRef = F6C7F736222F628900B2A735 /* CreatePostVC.swift */; };
		F6C7F739222F657200B2A735 /* GoogleService-Info.plist in Resources */ = {isa = PBXBuildFile; fileRef = F6C7F738222F657100B2A735 /* GoogleService-Info.plist */; };
		F6C7F73B222F676D00B2A735 /* UIViewExt.swift in Sources */ = {isa = PBXBuildFile; fileRef = F6C7F73A222F676D00B2A735 /* UIViewExt.swift */; };
/* End PBXBuildFile section */

/* Begin PBXFileReference section */
		6B30A8F7EF38EC97E8AED7C7 /* Pods-breakpoint.debug.xcconfig */ = {isa = PBXFileReference; includeInIndex = 1; lastKnownFileType = text.xcconfig; name = "Pods-breakpoint.debug.xcconfig"; path = "Pods/Target Support Files/Pods-breakpoint/Pods-breakpoint.debug.xcconfig"; sourceTree = "<group>"; };
		890C3F640F9800C1707F47CF /* Pods-breakpoint.release.xcconfig */ = {isa = PBXFileReference; includeInIndex = 1; lastKnownFileType = text.xcconfig; name = "Pods-breakpoint.release.xcconfig"; path = "Pods/Target Support Files/Pods-breakpoint/Pods-breakpoint.release.xcconfig"; sourceTree = "<group>"; };
		8E0E20C676CA781798628A54 /* Pods_breakpoint.framework */ = {isa = PBXFileReference; explicitFileType = wrapper.framework; includeInIndex = 0; path = Pods_breakpoint.framework; sourceTree = BUILT_PRODUCTS_DIR; };
		F6C7F70A222CECCA00B2A735 /* breakpoint.app */ = {isa = PBXFileReference; explicitFileType = wrapper.application; includeInIndex = 0; path = breakpoint.app; sourceTree = BUILT_PRODUCTS_DIR; };
		F6C7F70D222CECCA00B2A735 /* AppDelegate.swift */ = {isa = PBXFileReference; lastKnownFileType = sourcecode.swift; path = AppDelegate.swift; sourceTree = "<group>"; };
		F6C7F70F222CECCA00B2A735 /* FeedVC.swift */ = {isa = PBXFileReference; lastKnownFileType = sourcecode.swift; path = FeedVC.swift; sourceTree = "<group>"; };
		F6C7F711222CECCA00B2A735 /* GroupsVC.swift */ = {isa = PBXFileReference; lastKnownFileType = sourcecode.swift; path = GroupsVC.swift; sourceTree = "<group>"; };
		F6C7F714222CECCA00B2A735 /* Base */ = {isa = PBXFileReference; lastKnownFileType = file.storyboard; name = Base; path = Base.lproj/Main.storyboard; sourceTree = "<group>"; };
		F6C7F716222CECCB00B2A735 /* Assets.xcassets */ = {isa = PBXFileReference; lastKnownFileType = folder.assetcatalog; path = Assets.xcassets; sourceTree = "<group>"; };
		F6C7F719222CECCB00B2A735 /* Base */ = {isa = PBXFileReference; lastKnownFileType = file.storyboard; name = Base; path = Base.lproj/LaunchScreen.storyboard; sourceTree = "<group>"; };
		F6C7F71B222CECCB00B2A735 /* Info.plist */ = {isa = PBXFileReference; lastKnownFileType = text.plist.xml; path = Info.plist; sourceTree = "<group>"; };
		F6C7F728222CF60A00B2A735 /* DataService.swift */ = {isa = PBXFileReference; lastKnownFileType = sourcecode.swift; path = DataService.swift; sourceTree = "<group>"; };
		F6C7F72A222D850700B2A735 /* AuthVC.swift */ = {isa = PBXFileReference; lastKnownFileType = sourcecode.swift; path = AuthVC.swift; sourceTree = "<group>"; };
		F6C7F72C222D854200B2A735 /* LoginVC.swift */ = {isa = PBXFileReference; lastKnownFileType = sourcecode.swift; path = LoginVC.swift; sourceTree = "<group>"; };
		F6C7F72E222D859000B2A735 /* InsetTextField.swift */ = {isa = PBXFileReference; lastKnownFileType = sourcecode.swift; path = InsetTextField.swift; sourceTree = "<group>"; };
		F6C7F730222D896F00B2A735 /* ShadowView.swift */ = {isa = PBXFileReference; lastKnownFileType = sourcecode.swift; path = ShadowView.swift; sourceTree = "<group>"; };
		F6C7F732222D8AC500B2A735 /* AuthService.swift */ = {isa = PBXFileReference; lastKnownFileType = sourcecode.swift; path = AuthService.swift; sourceTree = "<group>"; };
		F6C7F734222EF04900B2A735 /* MeVC.swift */ = {isa = PBXFileReference; lastKnownFileType = sourcecode.swift; path = MeVC.swift; sourceTree = "<group>"; };
		F6C7F736222F628900B2A735 /* CreatePostVC.swift */ = {isa = PBXFileReference; lastKnownFileType = sourcecode.swift; path = CreatePostVC.swift; sourceTree = "<group>"; };
		F6C7F738222F657100B2A735 /* GoogleService-Info.plist */ = {isa = PBXFileReference; fileEncoding = 4; lastKnownFileType = text.plist.xml; path = "GoogleService-Info.plist"; sourceTree = "<group>"; };
		F6C7F73A222F676D00B2A735 /* UIViewExt.swift */ = {isa = PBXFileReference; lastKnownFileType = sourcecode.swift; path = UIViewExt.swift; sourceTree = "<group>"; };
/* End PBXFileReference section */

/* Begin PBXFrameworksBuildPhase section */
		F6C7F707222CECCA00B2A735 /* Frameworks */ = {
			isa = PBXFrameworksBuildPhase;
			buildActionMask = 2147483647;
			files = (
				E72D9D5D3113C27B69FC3F7E /* Pods_breakpoint.framework in Frameworks */,
			);
			runOnlyForDeploymentPostprocessing = 0;
		};
/* End PBXFrameworksBuildPhase section */

/* Begin PBXGroup section */
		78B0EB5D40829889561EB0C3 /* Pods */ = {
			isa = PBXGroup;
			children = (
				6B30A8F7EF38EC97E8AED7C7 /* Pods-breakpoint.debug.xcconfig */,
				890C3F640F9800C1707F47CF /* Pods-breakpoint.release.xcconfig */,
			);
			name = Pods;
			sourceTree = "<group>";
		};
		C747F11919EDCFB73B0908F5 /* Frameworks */ = {
			isa = PBXGroup;
			children = (
				8E0E20C676CA781798628A54 /* Pods_breakpoint.framework */,
			);
			name = Frameworks;
			sourceTree = "<group>";
		};
		F6C7F701222CECCA00B2A735 = {
			isa = PBXGroup;
			children = (
				F6C7F70C222CECCA00B2A735 /* breakpoint */,
				F6C7F70B222CECCA00B2A735 /* Products */,
				78B0EB5D40829889561EB0C3 /* Pods */,
				C747F11919EDCFB73B0908F5 /* Frameworks */,
			);
			sourceTree = "<group>";
		};
		F6C7F70B222CECCA00B2A735 /* Products */ = {
			isa = PBXGroup;
			children = (
				F6C7F70A222CECCA00B2A735 /* breakpoint.app */,
			);
			name = Products;
			sourceTree = "<group>";
		};
		F6C7F70C222CECCA00B2A735 /* breakpoint */ = {
			isa = PBXGroup;
			children = (
				F6C7F725222CEED200B2A735 /* Services */,
				F6C7F724222CEEAA00B2A735 /* Extensions */,
				F6C7F723222CEE9400B2A735 /* Model */,
				F6C7F722222CEE8A00B2A735 /* View */,
				F6C7F721222CEE7600B2A735 /* Controller */,
				F6C7F70D222CECCA00B2A735 /* AppDelegate.swift */,
				F6C7F713222CECCA00B2A735 /* Main.storyboard */,
				F6C7F716222CECCB00B2A735 /* Assets.xcassets */,
				F6C7F718222CECCB00B2A735 /* LaunchScreen.storyboard */,
				F6C7F738222F657100B2A735 /* GoogleService-Info.plist */,
				F6C7F71B222CECCB00B2A735 /* Info.plist */,
			);
			path = breakpoint;
			sourceTree = "<group>";
		};
		F6C7F721222CEE7600B2A735 /* Controller */ = {
			isa = PBXGroup;
			children = (
				F6C7F70F222CECCA00B2A735 /* FeedVC.swift */,
				F6C7F711222CECCA00B2A735 /* GroupsVC.swift */,
				F6C7F72A222D850700B2A735 /* AuthVC.swift */,
				F6C7F72C222D854200B2A735 /* LoginVC.swift */,
				F6C7F734222EF04900B2A735 /* MeVC.swift */,
				F6C7F736222F628900B2A735 /* CreatePostVC.swift */,
			);
			path = Controller;
			sourceTree = "<group>";
		};
		F6C7F722222CEE8A00B2A735 /* View */ = {
			isa = PBXGroup;
			children = (
				F6C7F72E222D859000B2A735 /* InsetTextField.swift */,
				F6C7F730222D896F00B2A735 /* ShadowView.swift */,
			);
			path = View;
			sourceTree = "<group>";
		};
		F6C7F723222CEE9400B2A735 /* Model */ = {
			isa = PBXGroup;
			children = (
			);
			path = Model;
			sourceTree = "<group>";
		};
		F6C7F724222CEEAA00B2A735 /* Extensions */ = {
			isa = PBXGroup;
			children = (
				F6C7F73A222F676D00B2A735 /* UIViewExt.swift */,
			);
			path = Extensions;
			sourceTree = "<group>";
		};
		F6C7F725222CEED200B2A735 /* Services */ = {
			isa = PBXGroup;
			children = (
				F6C7F728222CF60A00B2A735 /* DataService.swift */,
				F6C7F732222D8AC500B2A735 /* AuthService.swift */,
			);
			path = Services;
			sourceTree = "<group>";
		};
/* End PBXGroup section */

/* Begin PBXNativeTarget section */
		F6C7F709222CECCA00B2A735 /* breakpoint */ = {
			isa = PBXNativeTarget;
			buildConfigurationList = F6C7F71E222CECCB00B2A735 /* Build configuration list for PBXNativeTarget "breakpoint" */;
			buildPhases = (
				958FFC3CB6D2AAED70A725D9 /* [CP] Check Pods Manifest.lock */,
				F6C7F706222CECCA00B2A735 /* Sources */,
				F6C7F707222CECCA00B2A735 /* Frameworks */,
				F6C7F708222CECCA00B2A735 /* Resources */,
				BC3E1822EF42A860356C120B /* [CP] Embed Pods Frameworks */,
			);
			buildRules = (
			);
			dependencies = (
			);
			name = breakpoint;
			productName = breakpoint;
			productReference = F6C7F70A222CECCA00B2A735 /* breakpoint.app */;
			productType = "com.apple.product-type.application";
		};
/* End PBXNativeTarget section */

/* Begin PBXProject section */
		F6C7F702222CECCA00B2A735 /* Project object */ = {
			isa = PBXProject;
			attributes = {
				LastSwiftUpdateCheck = 1010;
				LastUpgradeCheck = 1010;
				ORGANIZATIONNAME = "Ricardo Herrera Petit";
				TargetAttributes = {
					F6C7F709222CECCA00B2A735 = {
						CreatedOnToolsVersion = 10.1;
					};
				};
			};
			buildConfigurationList = F6C7F705222CECCA00B2A735 /* Build configuration list for PBXProject "breakpoint" */;
			compatibilityVersion = "Xcode 9.3";
			developmentRegion = en;
			hasScannedForEncodings = 0;
			knownRegions = (
				en,
				Base,
			);
			mainGroup = F6C7F701222CECCA00B2A735;
			productRefGroup = F6C7F70B222CECCA00B2A735 /* Products */;
			projectDirPath = "";
			projectRoot = "";
			targets = (
				F6C7F709222CECCA00B2A735 /* breakpoint */,
			);
		};
/* End PBXProject section */

/* Begin PBXResourcesBuildPhase section */
		F6C7F708222CECCA00B2A735 /* Resources */ = {
			isa = PBXResourcesBuildPhase;
			buildActionMask = 2147483647;
			files = (
				F6C7F71A222CECCB00B2A735 /* LaunchScreen.storyboard in Resources */,
				F6C7F739222F657200B2A735 /* GoogleService-Info.plist in Resources */,
				F6C7F717222CECCB00B2A735 /* Assets.xcassets in Resources */,
				F6C7F715222CECCA00B2A735 /* Main.storyboard in Resources */,
			);
			runOnlyForDeploymentPostprocessing = 0;
		};
/* End PBXResourcesBuildPhase section */

/* Begin PBXShellScriptBuildPhase section */
		958FFC3CB6D2AAED70A725D9 /* [CP] Check Pods Manifest.lock */ = {
			isa = PBXShellScriptBuildPhase;
			buildActionMask = 2147483647;
			files = (
			);
			inputPaths = (
				"${PODS_PODFILE_DIR_PATH}/Podfile.lock",
				"${PODS_ROOT}/Manifest.lock",
			);
			name = "[CP] Check Pods Manifest.lock";
			outputPaths = (
				"$(DERIVED_FILE_DIR)/Pods-breakpoint-checkManifestLockResult.txt",
			);
			runOnlyForDeploymentPostprocessing = 0;
			shellPath = /bin/sh;
			shellScript = "diff \"${PODS_PODFILE_DIR_PATH}/Podfile.lock\" \"${PODS_ROOT}/Manifest.lock\" > /dev/null\nif [ $? != 0 ] ; then\n    # print error to STDERR\n    echo \"error: The sandbox is not in sync with the Podfile.lock. Run 'pod install' or update your CocoaPods installation.\" >&2\n    exit 1\nfi\n# This output is used by Xcode 'outputs' to avoid re-running this script phase.\necho \"SUCCESS\" > \"${SCRIPT_OUTPUT_FILE_0}\"\n";
			showEnvVarsInLog = 0;
		};
		BC3E1822EF42A860356C120B /* [CP] Embed Pods Frameworks */ = {
			isa = PBXShellScriptBuildPhase;
			buildActionMask = 2147483647;
			files = (
			);
			inputPaths = (
				"${SRCROOT}/Pods/Target Support Files/Pods-breakpoint/Pods-breakpoint-frameworks.sh",
				"${BUILT_PRODUCTS_DIR}/GTMSessionFetcher/GTMSessionFetcher.framework",
				"${BUILT_PRODUCTS_DIR}/GoogleUtilities/GoogleUtilities.framework",
				"${BUILT_PRODUCTS_DIR}/leveldb-library/leveldb.framework",
				"${BUILT_PRODUCTS_DIR}/nanopb/nanopb.framework",
			);
			name = "[CP] Embed Pods Frameworks";
			outputPaths = (
				"${TARGET_BUILD_DIR}/${FRAMEWORKS_FOLDER_PATH}/GTMSessionFetcher.framework",
				"${TARGET_BUILD_DIR}/${FRAMEWORKS_FOLDER_PATH}/GoogleUtilities.framework",
				"${TARGET_BUILD_DIR}/${FRAMEWORKS_FOLDER_PATH}/leveldb.framework",
				"${TARGET_BUILD_DIR}/${FRAMEWORKS_FOLDER_PATH}/nanopb.framework",
			);
			runOnlyForDeploymentPostprocessing = 0;
			shellPath = /bin/sh;
			shellScript = "\"${SRCROOT}/Pods/Target Support Files/Pods-breakpoint/Pods-breakpoint-frameworks.sh\"\n";
			showEnvVarsInLog = 0;
		};
/* End PBXShellScriptBuildPhase section */

/* Begin PBXSourcesBuildPhase section */
		F6C7F706222CECCA00B2A735 /* Sources */ = {
			isa = PBXSourcesBuildPhase;
			buildActionMask = 2147483647;
			files = (
				F6C7F73B222F676D00B2A735 /* UIViewExt.swift in Sources */,
				F6C7F735222EF04900B2A735 /* MeVC.swift in Sources */,
				F6C7F72B222D850700B2A735 /* AuthVC.swift in Sources */,
				F6C7F712222CECCA00B2A735 /* GroupsVC.swift in Sources */,
				F6C7F72D222D854200B2A735 /* LoginVC.swift in Sources */,
				F6C7F733222D8AC500B2A735 /* AuthService.swift in Sources */,
				F6C7F70E222CECCA00B2A735 /* AppDelegate.swift in Sources */,
				F6C7F731222D896F00B2A735 /* ShadowView.swift in Sources */,
				F6C7F737222F628900B2A735 /* CreatePostVC.swift in Sources */,
				F6C7F710222CECCA00B2A735 /* FeedVC.swift in Sources */,
				F6C7F72F222D859000B2A735 /* InsetTextField.swift in Sources */,
				F6C7F729222CF60A00B2A735 /* DataService.swift in Sources */,
			);
			runOnlyForDeploymentPostprocessing = 0;
		};
/* End PBXSourcesBuildPhase section */

/* Begin PBXVariantGroup section */
		F6C7F713222CECCA00B2A735 /* Main.storyboard */ = {
			isa = PBXVariantGroup;
			children = (
				F6C7F714222CECCA00B2A735 /* Base */,
			);
			name = Main.storyboard;
			sourceTree = "<group>";
		};
		F6C7F718222CECCB00B2A735 /* LaunchScreen.storyboard */ = {
			isa = PBXVariantGroup;
			children = (
				F6C7F719222CECCB00B2A735 /* Base */,
			);
			name = LaunchScreen.storyboard;
			sourceTree = "<group>";
		};
/* End PBXVariantGroup section */

/* Begin XCBuildConfiguration section */
		F6C7F71C222CECCB00B2A735 /* Debug */ = {
			isa = XCBuildConfiguration;
			buildSettings = {
				ALWAYS_SEARCH_USER_PATHS = NO;
				CLANG_ANALYZER_NONNULL = YES;
				CLANG_ANALYZER_NUMBER_OBJECT_CONVERSION = YES_AGGRESSIVE;
				CLANG_CXX_LANGUAGE_STANDARD = "gnu++14";
				CLANG_CXX_LIBRARY = "libc++";
				CLANG_ENABLE_MODULES = YES;
				CLANG_ENABLE_OBJC_ARC = YES;
				CLANG_ENABLE_OBJC_WEAK = YES;
				CLANG_WARN_BLOCK_CAPTURE_AUTORELEASING = YES;
				CLANG_WARN_BOOL_CONVERSION = YES;
				CLANG_WARN_COMMA = YES;
				CLANG_WARN_CONSTANT_CONVERSION = YES;
				CLANG_WARN_DEPRECATED_OBJC_IMPLEMENTATIONS = YES;
				CLANG_WARN_DIRECT_OBJC_ISA_USAGE = YES_ERROR;
				CLANG_WARN_DOCUMENTATION_COMMENTS = YES;
				CLANG_WARN_EMPTY_BODY = YES;
				CLANG_WARN_ENUM_CONVERSION = YES;
				CLANG_WARN_INFINITE_RECURSION = YES;
				CLANG_WARN_INT_CONVERSION = YES;
				CLANG_WARN_NON_LITERAL_NULL_CONVERSION = YES;
				CLANG_WARN_OBJC_IMPLICIT_RETAIN_SELF = YES;
				CLANG_WARN_OBJC_LITERAL_CONVERSION = YES;
				CLANG_WARN_OBJC_ROOT_CLASS = YES_ERROR;
				CLANG_WARN_RANGE_LOOP_ANALYSIS = YES;
				CLANG_WARN_STRICT_PROTOTYPES = YES;
				CLANG_WARN_SUSPICIOUS_MOVE = YES;
				CLANG_WARN_UNGUARDED_AVAILABILITY = YES_AGGRESSIVE;
				CLANG_WARN_UNREACHABLE_CODE = YES;
				CLANG_WARN__DUPLICATE_METHOD_MATCH = YES;
				CODE_SIGN_IDENTITY = "iPhone Developer";
				COPY_PHASE_STRIP = NO;
				DEBUG_INFORMATION_FORMAT = dwarf;
				ENABLE_STRICT_OBJC_MSGSEND = YES;
				ENABLE_TESTABILITY = YES;
				GCC_C_LANGUAGE_STANDARD = gnu11;
				GCC_DYNAMIC_NO_PIC = NO;
				GCC_NO_COMMON_BLOCKS = YES;
				GCC_OPTIMIZATION_LEVEL = 0;
				GCC_PREPROCESSOR_DEFINITIONS = (
					"DEBUG=1",
					"$(inherited)",
				);
				GCC_WARN_64_TO_32_BIT_CONVERSION = YES;
				GCC_WARN_ABOUT_RETURN_TYPE = YES_ERROR;
				GCC_WARN_UNDECLARED_SELECTOR = YES;
				GCC_WARN_UNINITIALIZED_AUTOS = YES_AGGRESSIVE;
				GCC_WARN_UNUSED_FUNCTION = YES;
				GCC_WARN_UNUSED_VARIABLE = YES;
				IPHONEOS_DEPLOYMENT_TARGET = 12.1;
				MTL_ENABLE_DEBUG_INFO = INCLUDE_SOURCE;
				MTL_FAST_MATH = YES;
				ONLY_ACTIVE_ARCH = YES;
				SDKROOT = iphoneos;
				SWIFT_ACTIVE_COMPILATION_CONDITIONS = DEBUG;
				SWIFT_OPTIMIZATION_LEVEL = "-Onone";
			};
			name = Debug;
		};
		F6C7F71D222CECCB00B2A735 /* Release */ = {
			isa = XCBuildConfiguration;
			buildSettings = {
				ALWAYS_SEARCH_USER_PATHS = NO;
				CLANG_ANALYZER_NONNULL = YES;
				CLANG_ANALYZER_NUMBER_OBJECT_CONVERSION = YES_AGGRESSIVE;
				CLANG_CXX_LANGUAGE_STANDARD = "gnu++14";
				CLANG_CXX_LIBRARY = "libc++";
				CLANG_ENABLE_MODULES = YES;
				CLANG_ENABLE_OBJC_ARC = YES;
				CLANG_ENABLE_OBJC_WEAK = YES;
				CLANG_WARN_BLOCK_CAPTURE_AUTORELEASING = YES;
				CLANG_WARN_BOOL_CONVERSION = YES;
				CLANG_WARN_COMMA = YES;
				CLANG_WARN_CONSTANT_CONVERSION = YES;
				CLANG_WARN_DEPRECATED_OBJC_IMPLEMENTATIONS = YES;
				CLANG_WARN_DIRECT_OBJC_ISA_USAGE = YES_ERROR;
				CLANG_WARN_DOCUMENTATION_COMMENTS = YES;
				CLANG_WARN_EMPTY_BODY = YES;
				CLANG_WARN_ENUM_CONVERSION = YES;
				CLANG_WARN_INFINITE_RECURSION = YES;
				CLANG_WARN_INT_CONVERSION = YES;
				CLANG_WARN_NON_LITERAL_NULL_CONVERSION = YES;
				CLANG_WARN_OBJC_IMPLICIT_RETAIN_SELF = YES;
				CLANG_WARN_OBJC_LITERAL_CONVERSION = YES;
				CLANG_WARN_OBJC_ROOT_CLASS = YES_ERROR;
				CLANG_WARN_RANGE_LOOP_ANALYSIS = YES;
				CLANG_WARN_STRICT_PROTOTYPES = YES;
				CLANG_WARN_SUSPICIOUS_MOVE = YES;
				CLANG_WARN_UNGUARDED_AVAILABILITY = YES_AGGRESSIVE;
				CLANG_WARN_UNREACHABLE_CODE = YES;
				CLANG_WARN__DUPLICATE_METHOD_MATCH = YES;
				CODE_SIGN_IDENTITY = "iPhone Developer";
				COPY_PHASE_STRIP = NO;
				DEBUG_INFORMATION_FORMAT = "dwarf-with-dsym";
				ENABLE_NS_ASSERTIONS = NO;
				ENABLE_STRICT_OBJC_MSGSEND = YES;
				GCC_C_LANGUAGE_STANDARD = gnu11;
				GCC_NO_COMMON_BLOCKS = YES;
				GCC_WARN_64_TO_32_BIT_CONVERSION = YES;
				GCC_WARN_ABOUT_RETURN_TYPE = YES_ERROR;
				GCC_WARN_UNDECLARED_SELECTOR = YES;
				GCC_WARN_UNINITIALIZED_AUTOS = YES_AGGRESSIVE;
				GCC_WARN_UNUSED_FUNCTION = YES;
				GCC_WARN_UNUSED_VARIABLE = YES;
				IPHONEOS_DEPLOYMENT_TARGET = 12.1;
				MTL_ENABLE_DEBUG_INFO = NO;
				MTL_FAST_MATH = YES;
				SDKROOT = iphoneos;
				SWIFT_COMPILATION_MODE = wholemodule;
				SWIFT_OPTIMIZATION_LEVEL = "-O";
				VALIDATE_PRODUCT = YES;
			};
			name = Release;
		};
		F6C7F71F222CECCB00B2A735 /* Debug */ = {
			isa = XCBuildConfiguration;
			baseConfigurationReference = 6B30A8F7EF38EC97E8AED7C7 /* Pods-breakpoint.debug.xcconfig */;
			buildSettings = {
				ASSETCATALOG_COMPILER_APPICON_NAME = AppIcon;
				CODE_SIGN_STYLE = Automatic;
				DEVELOPMENT_TEAM = AMLYNCKP6M;
				INFOPLIST_FILE = breakpoint/Info.plist;
				LD_RUNPATH_SEARCH_PATHS = (
					"$(inherited)",
					"@executable_path/Frameworks",
				);
				PRODUCT_BUNDLE_IDENTIFIER = petitcoding.breakpoint;
				PRODUCT_NAME = "$(TARGET_NAME)";
				SWIFT_VERSION = 4.2;
				TARGETED_DEVICE_FAMILY = "1,2";
			};
			name = Debug;
		};
		F6C7F720222CECCB00B2A735 /* Release */ = {
			isa = XCBuildConfiguration;
			baseConfigurationReference = 890C3F640F9800C1707F47CF /* Pods-breakpoint.release.xcconfig */;
			buildSettings = {
				ASSETCATALOG_COMPILER_APPICON_NAME = AppIcon;
				CODE_SIGN_STYLE = Automatic;
				DEVELOPMENT_TEAM = AMLYNCKP6M;
				INFOPLIST_FILE = breakpoint/Info.plist;
				LD_RUNPATH_SEARCH_PATHS = (
					"$(inherited)",
					"@executable_path/Frameworks",
				);
				PRODUCT_BUNDLE_IDENTIFIER = petitcoding.breakpoint;
				PRODUCT_NAME = "$(TARGET_NAME)";
				SWIFT_VERSION = 4.2;
				TARGETED_DEVICE_FAMILY = "1,2";
			};
			name = Release;
		};
/* End XCBuildConfiguration section */

/* Begin XCConfigurationList section */
		F6C7F705222CECCA00B2A735 /* Build configuration list for PBXProject "breakpoint" */ = {
			isa = XCConfigurationList;
			buildConfigurations = (
				F6C7F71C222CECCB00B2A735 /* Debug */,
				F6C7F71D222CECCB00B2A735 /* Release */,
			);
			defaultConfigurationIsVisible = 0;
			defaultConfigurationName = Release;
		};
		F6C7F71E222CECCB00B2A735 /* Build configuration list for PBXNativeTarget "breakpoint" */ = {
			isa = XCConfigurationList;
			buildConfigurations = (
				F6C7F71F222CECCB00B2A735 /* Debug */,
				F6C7F720222CECCB00B2A735 /* Release */,
			);
			defaultConfigurationIsVisible = 0;
			defaultConfigurationName = Release;
		};
/* End XCConfigurationList section */
	};
	rootObject = F6C7F702222CECCA00B2A735 /* Project object */;
}
